
Microsoft Visual Studio Solution File, Format Version 12.00
# Visual Studio 15
Project("{FAE04EC0-301F-11D3-BF4B-00C04F79EFBC}") = "KitchRPG", "KitchRPG.csproj", "{DBAE672C-72E5-74DB-A877-F1C2D3D6B677}"
EndProject
Project("{FAE04EC0-301F-11D3-BF4B-00C04F79EFBC}") = "KitchRPG.Editor", "KitchRPG.Editor.csproj", "{6E8E0A04-CDFF-7D82-F811-74D596FF03E7}"
EndProject
Global
	GlobalSection(SolutionConfigurationPlatforms) = preSolution
		Debug|Any CPU = Debug|Any CPU
		Release|Any CPU = Release|Any CPU
	EndGlobalSection
	GlobalSection(ProjectConfigurationPlatforms) = postSolution
		{DBAE672C-72E5-74DB-A877-F1C2D3D6B677}.Debug|Any CPU.ActiveCfg = Debug|Any CPU
		{DBAE672C-72E5-74DB-A877-F1C2D3D6B677}.Debug|Any CPU.Build.0 = Debug|Any CPU
		{DBAE672C-72E5-74DB-A877-F1C2D3D6B677}.Release|Any CPU.ActiveCfg = Release|Any CPU
		{DBAE672C-72E5-74DB-A877-F1C2D3D6B677}.Release|Any CPU.Build.0 = Release|Any CPU
		{6E8E0A04-CDFF-7D82-F811-74D596FF03E7}.Debug|Any CPU.ActiveCfg = Debug|Any CPU
		{6E8E0A04-CDFF-7D82-F811-74D596FF03E7}.Debug|Any CPU.Build.0 = Debug|Any CPU
		{6E8E0A04-CDFF-7D82-F811-74D596FF03E7}.Release|Any CPU.ActiveCfg = Release|Any CPU
		{6E8E0A04-CDFF-7D82-F811-74D596FF03E7}.Release|Any CPU.Build.0 = Release|Any CPU
	EndGlobalSection
	GlobalSection(SolutionProperties) = preSolution
		HideSolutionNode = FALSE
	EndGlobalSection
EndGlobal
